github.com/lulascoca/gatetool v0.0.0-20200130130311-87d33c93c4c7 h1:RSelhG6XnkSaTC1sULvYG7xhwl4gfJ1CrmoUdfQCc00=
github.com/lulascoca/gatetool/scripthandler v0.0.0-20200130130311-87d33c93c4c7 h1:NMCdSNEBMDD7f7fmYdG448F1bS7IcDJZ/y3N2vW82sA=
github.com/lulascoca/gatetool/scripthandler v0.0.0-20200130130311-87d33c93c4c7/go.mod h1:fjikiO483y2mOCrO5eTMYnESMDzg+Vun9Z4ZnIG1x0s=
github.com/lulascoca/gatetool/scripthandler v0.0.0-20200130135244-098ef92ac43b h1:VZ1TvAH58JhNi/9wNwlzk+H97BqUQrs+f7KbfgfsXSs=
github.com/lulascoca/gatetool/scripthandler v0.0.0-20200130135244-098ef92ac43b/go.mod h1:fjikiO483y2mOCrO5eTMYnESMDzg+Vun9Z4ZnIG1x0s=
