github.com/lulascoca/gatetool v0.0.0-20200130135244-098ef92ac43b h1:eGFo3gJE3n8N5DRVnA3/5j9NdlQ1ec7+WNNY0xO3kSc=
github.com/lulascoca/gatetool v0.0.0-20200130193155-8f71c20b82f6 h1:cE/NybWx2syCLjzf9fOS5mRG7l5htIlwbe1rgjNeOd4=
github.com/lulascoca/gatetool/scripthandler v0.0.0-20200130135244-098ef92ac43b h1:VZ1TvAH58JhNi/9wNwlzk+H97BqUQrs+f7KbfgfsXSs=
github.com/lulascoca/gatetool/scripthandler v0.0.0-20200130135244-098ef92ac43b/go.mod h1:fjikiO483y2mOCrO5eTMYnESMDzg+Vun9Z4ZnIG1x0s=
