github.com/BurntSushi/toml v0.3.1 h1:WXkYYl6Yr3qBf1K79EBnL4mak0OimBfB0XUf9Vl28OQ=
github.com/BurntSushi/toml v0.3.1/go.mod h1:xHWCNGjB5oqiDr8zfno3MHue2Ht5sIBksp03qcyfWMU=
github.com/lulascoca/gatetool v0.0.0-20200129215731-7d87dd52b3e9 h1:DrxML/rzQF+9WRWaoY5v1iUhfL7Hzs3uJoIpLcVmbNI=
github.com/lulascoca/gatetool/scripthandler v0.0.0-20200130130311-87d33c93c4c7 h1:NMCdSNEBMDD7f7fmYdG448F1bS7IcDJZ/y3N2vW82sA=
github.com/lulascoca/gatetool/scripthandler v0.0.0-20200130130311-87d33c93c4c7/go.mod h1:fjikiO483y2mOCrO5eTMYnESMDzg+Vun9Z4ZnIG1x0s=
